{
  "name": "testing-npm-outdated-failures-0",
  "version": "1.0.0",
  "lockfileVersion": 1,
  "requires": true,
  "dependencies": {
    "promise-http-client": {
      "version": "0.1.0",
      "resolved": "https://registry.npmjs.org/repository/npm-all/promise-http-client/-/promise-http-client-0.1.0.tgz",
      "integrity": "sha1-ZpMFZef3YSB6USTAIQ+dfH8OJow=",
      "requires": {
        "q": "0.9.7",
        "underscore": "1.8.3"
      },
      "dependencies": {
        "q": {
          "version": "0.9.7",
          "resolved": "https://registry.npmjs.org/repository/npm-all/q/-/q-0.9.7.tgz",
          "integrity": "sha1-TeLmyzspCIyeTLwDv51C+5bOL3U="
        },
        "underscore": {
          "version": "1.8.3",
          "resolved": "https://registry.npmjs.org/repository/npm-all/underscore/-/underscore-1.8.3.tgz",
          "integrity": "sha1-Tz+1OxBuYJf8+ctBCfKl6b36UCI="
        }
      }
    }
  }
}
